
Microsoft Visual Studio Solution File, Format Version 12.00
# Visual Studio 15
VisualStudioVersion = 15.0.28010.2036
MinimumVisualStudioVersion = 10.0.40219.1
Project("{FAE04EC0-301F-11D3-BF4B-00C04F79EFBC}") = "МинимизацияКвайна", "Минимизация Квайна\МинимизацияКвайна.csproj", "{96373E0A-9B3F-45C4-BC1A-BE1DDA2FD56C}"
EndProject
Global
	GlobalSection(SolutionConfigurationPlatforms) = preSolution
		Debug|Any CPU = Debug|Any CPU
		Release|Any CPU = Release|Any CPU
	EndGlobalSection
	GlobalSection(ProjectConfigurationPlatforms) = postSolution
		{96373E0A-9B3F-45C4-BC1A-BE1DDA2FD56C}.Debug|Any CPU.ActiveCfg = Debug|Any CPU
		{96373E0A-9B3F-45C4-BC1A-BE1DDA2FD56C}.Debug|Any CPU.Build.0 = Debug|Any CPU
		{96373E0A-9B3F-45C4-BC1A-BE1DDA2FD56C}.Release|Any CPU.ActiveCfg = Release|Any CPU
		{96373E0A-9B3F-45C4-BC1A-BE1DDA2FD56C}.Release|Any CPU.Build.0 = Release|Any CPU
	EndGlobalSection
	GlobalSection(SolutionProperties) = preSolution
		HideSolutionNode = FALSE
	EndGlobalSection
	GlobalSection(ExtensibilityGlobals) = postSolution
		SolutionGuid = {358AA646-D1C7-45CB-811C-52E8B742F093}
	EndGlobalSection
EndGlobal
